
Microsoft Visual Studio Solution File, Format Version 12.00
# Visual Studio Version 17
VisualStudioVersion = 17.6.33723.286
MinimumVisualStudioVersion = 10.0.40219.1
Project("{FAE04EC0-301F-11D3-BF4B-00C04F79EFBC}") = "Forms", "Forms\Forms.csproj", "{3FABF982-6381-42C9-BD69-AF438987C03B}"
EndProject
Global
	GlobalSection(SolutionConfigurationPlatforms) = preSolution
		Debug|Any CPU = Debug|Any CPU
		Release|Any CPU = Release|Any CPU
	EndGlobalSection
	GlobalSection(ProjectConfigurationPlatforms) = postSolution
		{3FABF982-6381-42C9-BD69-AF438987C03B}.Debug|Any CPU.ActiveCfg = Debug|Any CPU
		{3FABF982-6381-42C9-BD69-AF438987C03B}.Debug|Any CPU.Build.0 = Debug|Any CPU
		{3FABF982-6381-42C9-BD69-AF438987C03B}.Release|Any CPU.ActiveCfg = Release|Any CPU
		{3FABF982-6381-42C9-BD69-AF438987C03B}.Release|Any CPU.Build.0 = Release|Any CPU
	EndGlobalSection
	GlobalSection(SolutionProperties) = preSolution
		HideSolutionNode = FALSE
	EndGlobalSection
	GlobalSection(ExtensibilityGlobals) = postSolution
		SolutionGuid = {F07645EB-93F4-4A00-B1C3-94D506034AB9}
	EndGlobalSection
EndGlobal
